// !$*UTF8*$!
{
	archiveVersion = 1;
	classes = {
	};
	objectVersion = 46;
	objects = {

/* Begin PBXBuildFile section */
		2C0437D61E923CAE00B8B23E /* ChannelCell.swift in Sources */ = {isa = PBXBuildFile; fileRef = 2C0437D51E923CAE00B8B23E /* ChannelCell.swift */; };
		2C2F1C461EAF2B8E00377A89 /* LoginView.swift in Sources */ = {isa = PBXBuildFile; fileRef = 2C2F1C451EAF2B8E00377A89 /* LoginView.swift */; };
		2C2F1C491EAF2C8D00377A89 /* LoginView.xib in Resources */ = {isa = PBXBuildFile; fileRef = 2C2F1C4B1EAF2C8D00377A89 /* LoginView.xib */; };
		2C3E56F61EA60DCA00A66AEC /* ForumController.swift in Sources */ = {isa = PBXBuildFile; fileRef = 2C3E56F51EA60DCA00A66AEC /* ForumController.swift */; };
		2C3E57001EA6120600A66AEC /* Extensions.swift in Sources */ = {isa = PBXBuildFile; fileRef = 2C3E56FF1EA6120600A66AEC /* Extensions.swift */; };
		2C3E57061EA6159700A66AEC /* Model.swift in Sources */ = {isa = PBXBuildFile; fileRef = 2C3E57051EA6159700A66AEC /* Model.swift */; };
		2C43645D1EA68B9E00E61F64 /* Credentials.swift in Sources */ = {isa = PBXBuildFile; fileRef = 2C43645C1EA68B9E00E61F64 /* Credentials.swift */; };
		2C43645F1EA68BB700E61F64 /* GoogleService-Info.plist in Resources */ = {isa = PBXBuildFile; fileRef = 2C43645E1EA68BB700E61F64 /* GoogleService-Info.plist */; };
		2C4364611EA68C1200E61F64 /* FriendsController.swift in Sources */ = {isa = PBXBuildFile; fileRef = 2C4364601EA68C1200E61F64 /* FriendsController.swift */; };
		2C4364631EA6AA6C00E61F64 /* MemberCell.swift in Sources */ = {isa = PBXBuildFile; fileRef = 2C4364621EA6AA6C00E61F64 /* MemberCell.swift */; };
		2C64F7B11EAA18B400E85F0A /* EmailInput.swift in Sources */ = {isa = PBXBuildFile; fileRef = 2C64F7AF1EAA18B400E85F0A /* EmailInput.swift */; };
		2C64F7B21EAA18B400E85F0A /* EmailInput.xib in Resources */ = {isa = PBXBuildFile; fileRef = 2C64F7B01EAA18B400E85F0A /* EmailInput.xib */; };
		2C64F7B41EAA197200E85F0A /* TextFieldContainer.swift in Sources */ = {isa = PBXBuildFile; fileRef = 2C64F7B31EAA197200E85F0A /* TextFieldContainer.swift */; };
		2C64F7B61EAA243F00E85F0A /* MessageUI.framework in Frameworks */ = {isa = PBXBuildFile; fileRef = 2C64F7B51EAA243F00E85F0A /* MessageUI.framework */; };
		2C64F7BB1EAA2C1100E85F0A /* InfoPlist.strings in Resources */ = {isa = PBXBuildFile; fileRef = 2C64F7BD1EAA2C1100E85F0A /* InfoPlist.strings */; };
		2C64F7BE1EAA2C8E00E85F0A /* Localizable.strings in Resources */ = {isa = PBXBuildFile; fileRef = 2C64F7C01EAA2C8E00E85F0A /* Localizable.strings */; };
		2C6C9EC31E91034E000A3557 /* HtmlScrapper.swift in Sources */ = {isa = PBXBuildFile; fileRef = 2C6C9EC21E91034E000A3557 /* HtmlScrapper.swift */; };
		2C6C9EC51E910FDA000A3557 /* AVFoundation.framework in Frameworks */ = {isa = PBXBuildFile; fileRef = 2C6C9EC41E910FDA000A3557 /* AVFoundation.framework */; };
		2C6C9EC81E912964000A3557 /* YouTubeParser.m in Sources */ = {isa = PBXBuildFile; fileRef = 2C6C9EC71E912964000A3557 /* YouTubeParser.m */; };
		2C8E710D1F42E544005EB8D2 /* AppUser+CoreDataClass.swift in Sources */ = {isa = PBXBuildFile; fileRef = 2C8E710B1F42E544005EB8D2 /* AppUser+CoreDataClass.swift */; };
		2C8E710E1F42E544005EB8D2 /* AppUser+CoreDataProperties.swift in Sources */ = {isa = PBXBuildFile; fileRef = 2C8E710C1F42E544005EB8D2 /* AppUser+CoreDataProperties.swift */; };
		2C8E75A81EA34FF300DC69AA /* VideoController.swift in Sources */ = {isa = PBXBuildFile; fileRef = 2C8E75A71EA34FF300DC69AA /* VideoController.swift */; };
		2C8E75AA1EA352E700DC69AA /* VideoView.swift in Sources */ = {isa = PBXBuildFile; fileRef = 2C8E75A91EA352E700DC69AA /* VideoView.swift */; };
		2C9A67B21EA743C700891832 /* Message+CoreDataClass.swift in Sources */ = {isa = PBXBuildFile; fileRef = 2C9A67B01EA743C700891832 /* Message+CoreDataClass.swift */; };
		2C9A67B31EA743C700891832 /* Message+CoreDataProperties.swift in Sources */ = {isa = PBXBuildFile; fileRef = 2C9A67B11EA743C700891832 /* Message+CoreDataProperties.swift */; };
		2C9A67B51EA74AFF00891832 /* LocationMediaItem.swift in Sources */ = {isa = PBXBuildFile; fileRef = 2C9A67B41EA74AFF00891832 /* LocationMediaItem.swift */; };
		2C9A67C31EA775BA00891832 /* LGAlertView.m in Sources */ = {isa = PBXBuildFile; fileRef = 2C9A67B91EA775BA00891832 /* LGAlertView.m */; };
		2C9A67C41EA775BA00891832 /* LGAlertView.xib in Resources */ = {isa = PBXBuildFile; fileRef = 2C9A67BA1EA775BA00891832 /* LGAlertView.xib */; };
		2C9A67C51EA775BA00891832 /* LGDecoratedAlertView.xib in Resources */ = {isa = PBXBuildFile; fileRef = 2C9A67BB1EA775BA00891832 /* LGDecoratedAlertView.xib */; };
		2C9A67C61EA775BA00891832 /* LGProgressAlertView.xib in Resources */ = {isa = PBXBuildFile; fileRef = 2C9A67BC1EA775BA00891832 /* LGProgressAlertView.xib */; };
		2C9A67C71EA775BA00891832 /* LGProgressView.m in Sources */ = {isa = PBXBuildFile; fileRef = 2C9A67BE1EA775BA00891832 /* LGProgressView.m */; };
		2C9A67C81EA775BA00891832 /* LGTextFieldAlertView.xib in Resources */ = {isa = PBXBuildFile; fileRef = 2C9A67BF1EA775BA00891832 /* LGTextFieldAlertView.xib */; };
		2C9A67C91EA775BA00891832 /* LGVAlertView.xib in Resources */ = {isa = PBXBuildFile; fileRef = 2C9A67C01EA775BA00891832 /* LGVAlertView.xib */; };
		2C9A67CA1EA775BA00891832 /* NSPointerArray+AbstractionHelpers.m in Sources */ = {isa = PBXBuildFile; fileRef = 2C9A67C21EA775BA00891832 /* NSPointerArray+AbstractionHelpers.m */; };
		2C9A67CE1EA7761100891832 /* ActionSheet.swift in Sources */ = {isa = PBXBuildFile; fileRef = 2C9A67CC1EA7761100891832 /* ActionSheet.swift */; };
		2C9A67CF1EA7761100891832 /* ActionSheet.xib in Resources */ = {isa = PBXBuildFile; fileRef = 2C9A67CD1EA7761100891832 /* ActionSheet.xib */; };
		2C9A67D11EA778E700891832 /* LocationManager.swift in Sources */ = {isa = PBXBuildFile; fileRef = 2C9A67D01EA778E700891832 /* LocationManager.swift */; };
		2C9A67D31EA7828C00891832 /* JSQAvatar.swift in Sources */ = {isa = PBXBuildFile; fileRef = 2C9A67D21EA7828C00891832 /* JSQAvatar.swift */; };
		2C9A67D51EA78B4200891832 /* PhotoController.swift in Sources */ = {isa = PBXBuildFile; fileRef = 2C9A67D41EA78B4200891832 /* PhotoController.swift */; };
		2C9A67D71EA78D0800891832 /* LocationController.swift in Sources */ = {isa = PBXBuildFile; fileRef = 2C9A67D61EA78D0800891832 /* LocationController.swift */; };
		2CB6B8541E84F3B7009A3A61 /* AppDelegate.swift in Sources */ = {isa = PBXBuildFile; fileRef = 2CB6B8531E84F3B7009A3A61 /* AppDelegate.swift */; };
		2CB6B8591E84F3B7009A3A61 /* Main.storyboard in Resources */ = {isa = PBXBuildFile; fileRef = 2CB6B8571E84F3B7009A3A61 /* Main.storyboard */; };
		2CB6B85B1E84F3B7009A3A61 /* Assets.xcassets in Resources */ = {isa = PBXBuildFile; fileRef = 2CB6B85A1E84F3B7009A3A61 /* Assets.xcassets */; };
		2CB6B85E1E84F3B7009A3A61 /* LaunchScreen.storyboard in Resources */ = {isa = PBXBuildFile; fileRef = 2CB6B85C1E84F3B7009A3A61 /* LaunchScreen.storyboard */; };
		2CB6B86C1E84FB3A009A3A61 /* logo.png in Resources */ = {isa = PBXBuildFile; fileRef = 2CB6B86B1E84FB3A009A3A61 /* logo.png */; };
		2CB6B86E1E84FE65009A3A61 /* ChannelsController.swift in Sources */ = {isa = PBXBuildFile; fileRef = 2CB6B86D1E84FE65009A3A61 /* ChannelsController.swift */; };
		2CB6B8701E850284009A3A61 /* AVKit.framework in Frameworks */ = {isa = PBXBuildFile; fileRef = 2CB6B86F1E850284009A3A61 /* AVKit.framework */; };
		2CF683A31EAE0F5E00AA1850 /* CACTUS.xcdatamodeld in Sources */ = {isa = PBXBuildFile; fileRef = 2CF683A11EAE0F5E00AA1850 /* CACTUS.xcdatamodeld */; };
		2CFDA34D1EB31907005C4DEA /* Fabric.framework in Frameworks */ = {isa = PBXBuildFile; fileRef = 2CFDA3491EB31907005C4DEA /* Fabric.framework */; };
		2CFDA34E1EB31907005C4DEA /* TwitterKit.framework in Frameworks */ = {isa = PBXBuildFile; fileRef = 2CFDA34A1EB31907005C4DEA /* TwitterKit.framework */; };
		2CFDA34F1EB31907005C4DEA /* TwitterKitResources.bundle in Resources */ = {isa = PBXBuildFile; fileRef = 2CFDA34B1EB31907005C4DEA /* TwitterKitResources.bundle */; };
		2CFDA3501EB31907005C4DEA /* TwitterCore.framework in Frameworks */ = {isa = PBXBuildFile; fileRef = 2CFDA34C1EB31907005C4DEA /* TwitterCore.framework */; };
		2CFDA3541EB35A0C005C4DEA /* MembersController.swift in Sources */ = {isa = PBXBuildFile; fileRef = 2CFDA3531EB35A0C005C4DEA /* MembersController.swift */; };
		E51362A30352F85F1ECB80A8 /* libPods-Russia TV.a in Frameworks */ = {isa = PBXBuildFile; fileRef = 3556669FAC53A823378E4EB0 /* libPods-Russia TV.a */; };
/* End PBXBuildFile section */

/* Begin PBXFileReference section */
		21AC0E742ABCD93C084F1C49 /* Pods-Russia TV.debug.xcconfig */ = {isa = PBXFileReference; includeInIndex = 1; lastKnownFileType = text.xcconfig; name = "Pods-Russia TV.debug.xcconfig"; path = "Pods/Target Support Files/Pods-Russia TV/Pods-Russia TV.debug.xcconfig"; sourceTree = "<group>"; };
		2C0437D51E923CAE00B8B23E /* ChannelCell.swift */ = {isa = PBXFileReference; fileEncoding = 4; lastKnownFileType = sourcecode.swift; path = ChannelCell.swift; sourceTree = "<group>"; };
		2C2F1C451EAF2B8E00377A89 /* LoginView.swift */ = {isa = PBXFileReference; fileEncoding = 4; lastKnownFileType = sourcecode.swift; path = LoginView.swift; sourceTree = "<group>"; };
		2C2F1C4A1EAF2C8D00377A89 /* Base */ = {isa = PBXFileReference; lastKnownFileType = file.xib; name = Base; path = Base.lproj/LoginView.xib; sourceTree = "<group>"; };
		2C2F1C4D1EAF2C9100377A89 /* ru */ = {isa = PBXFileReference; lastKnownFileType = text.plist.strings; name = ru; path = ru.lproj/LoginView.strings; sourceTree = "<group>"; };
		2C2F1C4E1EAF371F00377A89 /* CACTUS 2.xcdatamodel */ = {isa = PBXFileReference; lastKnownFileType = wrapper.xcdatamodel; path = "CACTUS 2.xcdatamodel"; sourceTree = "<group>"; };
		2C3E56F21EA5F75B00A66AEC /* Russia TV.entitlements */ = {isa = PBXFileReference; lastKnownFileType = text.plist.entitlements; path = "Russia TV.entitlements"; sourceTree = "<group>"; };
		2C3E56F51EA60DCA00A66AEC /* ForumController.swift */ = {isa = PBXFileReference; fileEncoding = 4; lastKnownFileType = sourcecode.swift; path = ForumController.swift; sourceTree = "<group>"; };
		2C3E56FF1EA6120600A66AEC /* Extensions.swift */ = {isa = PBXFileReference; fileEncoding = 4; lastKnownFileType = sourcecode.swift; path = Extensions.swift; sourceTree = "<group>"; };
		2C3E57051EA6159700A66AEC /* Model.swift */ = {isa = PBXFileReference; fileEncoding = 4; lastKnownFileType = sourcecode.swift; name = Model.swift; path = model/Model.swift; sourceTree = "<group>"; };
		2C43645C1EA68B9E00E61F64 /* Credentials.swift */ = {isa = PBXFileReference; fileEncoding = 4; lastKnownFileType = sourcecode.swift; path = Credentials.swift; sourceTree = SOURCE_ROOT; };
		2C43645E1EA68BB700E61F64 /* GoogleService-Info.plist */ = {isa = PBXFileReference; fileEncoding = 4; lastKnownFileType = text.plist.xml; path = "GoogleService-Info.plist"; sourceTree = SOURCE_ROOT; };
		2C4364601EA68C1200E61F64 /* FriendsController.swift */ = {isa = PBXFileReference; fileEncoding = 4; lastKnownFileType = sourcecode.swift; path = FriendsController.swift; sourceTree = "<group>"; };
		2C4364621EA6AA6C00E61F64 /* MemberCell.swift */ = {isa = PBXFileReference; fileEncoding = 4; lastKnownFileType = sourcecode.swift; path = MemberCell.swift; sourceTree = "<group>"; };
		2C64F7AF1EAA18B400E85F0A /* EmailInput.swift */ = {isa = PBXFileReference; fileEncoding = 4; lastKnownFileType = sourcecode.swift; name = EmailInput.swift; path = CustomViews/EmailInput.swift; sourceTree = "<group>"; };
		2C64F7B01EAA18B400E85F0A /* EmailInput.xib */ = {isa = PBXFileReference; fileEncoding = 4; lastKnownFileType = file.xib; name = EmailInput.xib; path = CustomViews/EmailInput.xib; sourceTree = "<group>"; };
		2C64F7B31EAA197200E85F0A /* TextFieldContainer.swift */ = {isa = PBXFileReference; fileEncoding = 4; lastKnownFileType = sourcecode.swift; name = TextFieldContainer.swift; path = CustomViews/TextFieldContainer.swift; sourceTree = "<group>"; };
		2C64F7B51EAA243F00E85F0A /* MessageUI.framework */ = {isa = PBXFileReference; lastKnownFileType = wrapper.framework; name = MessageUI.framework; path = System/Library/Frameworks/MessageUI.framework; sourceTree = SDKROOT; };
		2C64F7BC1EAA2C1100E85F0A /* Base */ = {isa = PBXFileReference; lastKnownFileType = text.plist.strings; name = Base; path = Base.lproj/InfoPlist.strings; sourceTree = "<group>"; };
		2C64F7BF1EAA2C8E00E85F0A /* Base */ = {isa = PBXFileReference; lastKnownFileType = text.plist.strings; name = Base; path = Base.lproj/Localizable.strings; sourceTree = "<group>"; };
		2C64F7C21EAA2CC300E85F0A /* ru */ = {isa = PBXFileReference; lastKnownFileType = text.plist.strings; name = ru; path = ru.lproj/LaunchScreen.strings; sourceTree = "<group>"; };
		2C64F7C31EAA2CC300E85F0A /* ru */ = {isa = PBXFileReference; lastKnownFileType = text.plist.strings; name = ru; path = ru.lproj/InfoPlist.strings; sourceTree = "<group>"; };
		2C64F7C41EAA2CC400E85F0A /* ru */ = {isa = PBXFileReference; lastKnownFileType = text.plist.strings; name = ru; path = ru.lproj/Localizable.strings; sourceTree = "<group>"; };
		2C6C9EC21E91034E000A3557 /* HtmlScrapper.swift */ = {isa = PBXFileReference; fileEncoding = 4; lastKnownFileType = sourcecode.swift; path = HtmlScrapper.swift; sourceTree = "<group>"; };
		2C6C9EC41E910FDA000A3557 /* AVFoundation.framework */ = {isa = PBXFileReference; lastKnownFileType = wrapper.framework; name = AVFoundation.framework; path = System/Library/Frameworks/AVFoundation.framework; sourceTree = SDKROOT; };
		2C6C9EC61E912964000A3557 /* YouTubeParser.h */ = {isa = PBXFileReference; fileEncoding = 4; lastKnownFileType = sourcecode.c.h; path = YouTubeParser.h; sourceTree = "<group>"; };
		2C6C9EC71E912964000A3557 /* YouTubeParser.m */ = {isa = PBXFileReference; fileEncoding = 4; lastKnownFileType = sourcecode.c.objc; path = YouTubeParser.m; sourceTree = "<group>"; };
		2C8E710A1F42E283005EB8D2 /* CACTUS 3.xcdatamodel */ = {isa = PBXFileReference; lastKnownFileType = wrapper.xcdatamodel; path = "CACTUS 3.xcdatamodel"; sourceTree = "<group>"; };
		2C8E710B1F42E544005EB8D2 /* AppUser+CoreDataClass.swift */ = {isa = PBXFileReference; fileEncoding = 4; lastKnownFileType = sourcecode.swift; name = "AppUser+CoreDataClass.swift"; path = "model/AppUser+CoreDataClass.swift"; sourceTree = "<group>"; };
		2C8E710C1F42E544005EB8D2 /* AppUser+CoreDataProperties.swift */ = {isa = PBXFileReference; fileEncoding = 4; lastKnownFileType = sourcecode.swift; name = "AppUser+CoreDataProperties.swift"; path = "model/AppUser+CoreDataProperties.swift"; sourceTree = "<group>"; };
		2C8E75A71EA34FF300DC69AA /* VideoController.swift */ = {isa = PBXFileReference; fileEncoding = 4; lastKnownFileType = sourcecode.swift; path = VideoController.swift; sourceTree = "<group>"; };
		2C8E75A91EA352E700DC69AA /* VideoView.swift */ = {isa = PBXFileReference; fileEncoding = 4; lastKnownFileType = sourcecode.swift; path = VideoView.swift; sourceTree = "<group>"; };
		2C9A67B01EA743C700891832 /* Message+CoreDataClass.swift */ = {isa = PBXFileReference; fileEncoding = 4; lastKnownFileType = sourcecode.swift; name = "Message+CoreDataClass.swift"; path = "model/Message+CoreDataClass.swift"; sourceTree = "<group>"; };
		2C9A67B11EA743C700891832 /* Message+CoreDataProperties.swift */ = {isa = PBXFileReference; fileEncoding = 4; lastKnownFileType = sourcecode.swift; name = "Message+CoreDataProperties.swift"; path = "model/Message+CoreDataProperties.swift"; sourceTree = "<group>"; };
		2C9A67B41EA74AFF00891832 /* LocationMediaItem.swift */ = {isa = PBXFileReference; fileEncoding = 4; lastKnownFileType = sourcecode.swift; path = LocationMediaItem.swift; sourceTree = "<group>"; };
		2C9A67B81EA775BA00891832 /* LGAlertView.h */ = {isa = PBXFileReference; fileEncoding = 4; lastKnownFileType = sourcecode.c.h; name = LGAlertView.h; path = "Russia TV/Vendor/LGAlertSheet/LGAlertView.h"; sourceTree = "<group>"; };
		2C9A67B91EA775BA00891832 /* LGAlertView.m */ = {isa = PBXFileReference; fileEncoding = 4; lastKnownFileType = sourcecode.c.objc; name = LGAlertView.m; path = "Russia TV/Vendor/LGAlertSheet/LGAlertView.m"; sourceTree = "<group>"; };
		2C9A67BA1EA775BA00891832 /* LGAlertView.xib */ = {isa = PBXFileReference; fileEncoding = 4; lastKnownFileType = file.xib; name = LGAlertView.xib; path = "Russia TV/Vendor/LGAlertSheet/LGAlertView.xib"; sourceTree = "<group>"; };
		2C9A67BB1EA775BA00891832 /* LGDecoratedAlertView.xib */ = {isa = PBXFileReference; fileEncoding = 4; lastKnownFileType = file.xib; name = LGDecoratedAlertView.xib; path = "Russia TV/Vendor/LGAlertSheet/LGDecoratedAlertView.xib"; sourceTree = "<group>"; };
		2C9A67BC1EA775BA00891832 /* LGProgressAlertView.xib */ = {isa = PBXFileReference; fileEncoding = 4; lastKnownFileType = file.xib; name = LGProgressAlertView.xib; path = "Russia TV/Vendor/LGAlertSheet/LGProgressAlertView.xib"; sourceTree = "<group>"; };
		2C9A67BD1EA775BA00891832 /* LGProgressView.h */ = {isa = PBXFileReference; fileEncoding = 4; lastKnownFileType = sourcecode.c.h; name = LGProgressView.h; path = "Russia TV/Vendor/LGAlertSheet/LGProgressView.h"; sourceTree = "<group>"; };
		2C9A67BE1EA775BA00891832 /* LGProgressView.m */ = {isa = PBXFileReference; fileEncoding = 4; lastKnownFileType = sourcecode.c.objc; name = LGProgressView.m; path = "Russia TV/Vendor/LGAlertSheet/LGProgressView.m"; sourceTree = "<group>"; };
		2C9A67BF1EA775BA00891832 /* LGTextFieldAlertView.xib */ = {isa = PBXFileReference; fileEncoding = 4; lastKnownFileType = file.xib; name = LGTextFieldAlertView.xib; path = "Russia TV/Vendor/LGAlertSheet/LGTextFieldAlertView.xib"; sourceTree = "<group>"; };
		2C9A67C01EA775BA00891832 /* LGVAlertView.xib */ = {isa = PBXFileReference; fileEncoding = 4; lastKnownFileType = file.xib; name = LGVAlertView.xib; path = "Russia TV/Vendor/LGAlertSheet/LGVAlertView.xib"; sourceTree = "<group>"; };
		2C9A67C11EA775BA00891832 /* NSPointerArray+AbstractionHelpers.h */ = {isa = PBXFileReference; fileEncoding = 4; lastKnownFileType = sourcecode.c.h; name = "NSPointerArray+AbstractionHelpers.h"; path = "Russia TV/Vendor/LGAlertSheet/NSPointerArray+AbstractionHelpers.h"; sourceTree = "<group>"; };
		2C9A67C21EA775BA00891832 /* NSPointerArray+AbstractionHelpers.m */ = {isa = PBXFileReference; fileEncoding = 4; lastKnownFileType = sourcecode.c.objc; name = "NSPointerArray+AbstractionHelpers.m"; path = "Russia TV/Vendor/LGAlertSheet/NSPointerArray+AbstractionHelpers.m"; sourceTree = "<group>"; };
		2C9A67CC1EA7761100891832 /* ActionSheet.swift */ = {isa = PBXFileReference; fileEncoding = 4; lastKnownFileType = sourcecode.swift; name = ActionSheet.swift; path = CustomViews/ActionSheet.swift; sourceTree = "<group>"; };
		2C9A67CD1EA7761100891832 /* ActionSheet.xib */ = {isa = PBXFileReference; fileEncoding = 4; lastKnownFileType = file.xib; name = ActionSheet.xib; path = CustomViews/ActionSheet.xib; sourceTree = "<group>"; };
		2C9A67D01EA778E700891832 /* LocationManager.swift */ = {isa = PBXFileReference; fileEncoding = 4; lastKnownFileType = sourcecode.swift; path = LocationManager.swift; sourceTree = "<group>"; };
		2C9A67D21EA7828C00891832 /* JSQAvatar.swift */ = {isa = PBXFileReference; fileEncoding = 4; lastKnownFileType = sourcecode.swift; path = JSQAvatar.swift; sourceTree = "<group>"; };
		2C9A67D41EA78B4200891832 /* PhotoController.swift */ = {isa = PBXFileReference; fileEncoding = 4; lastKnownFileType = sourcecode.swift; path = PhotoController.swift; sourceTree = "<group>"; };
		2C9A67D61EA78D0800891832 /* LocationController.swift */ = {isa = PBXFileReference; fileEncoding = 4; lastKnownFileType = sourcecode.swift; path = LocationController.swift; sourceTree = "<group>"; };
		2CB6B8501E84F3B7009A3A61 /* Russia TV.app */ = {isa = PBXFileReference; explicitFileType = wrapper.application; includeInIndex = 0; path = "Russia TV.app"; sourceTree = BUILT_PRODUCTS_DIR; };
		2CB6B8531E84F3B7009A3A61 /* AppDelegate.swift */ = {isa = PBXFileReference; lastKnownFileType = sourcecode.swift; path = AppDelegate.swift; sourceTree = "<group>"; };
		2CB6B8581E84F3B7009A3A61 /* Base */ = {isa = PBXFileReference; lastKnownFileType = file.storyboard; name = Base; path = Base.lproj/Main.storyboard; sourceTree = "<group>"; };
		2CB6B85A1E84F3B7009A3A61 /* Assets.xcassets */ = {isa = PBXFileReference; lastKnownFileType = folder.assetcatalog; path = Assets.xcassets; sourceTree = "<group>"; };
		2CB6B85D1E84F3B7009A3A61 /* Base */ = {isa = PBXFileReference; lastKnownFileType = file.storyboard; name = Base; path = Base.lproj/LaunchScreen.storyboard; sourceTree = "<group>"; };
		2CB6B85F1E84F3B7009A3A61 /* Info.plist */ = {isa = PBXFileReference; lastKnownFileType = text.plist.xml; path = Info.plist; sourceTree = "<group>"; };
		2CB6B86B1E84FB3A009A3A61 /* logo.png */ = {isa = PBXFileReference; lastKnownFileType = image.png; path = logo.png; sourceTree = SOURCE_ROOT; };
		2CB6B86D1E84FE65009A3A61 /* ChannelsController.swift */ = {isa = PBXFileReference; fileEncoding = 4; lastKnownFileType = sourcecode.swift; path = ChannelsController.swift; sourceTree = "<group>"; };
		2CB6B86F1E850284009A3A61 /* AVKit.framework */ = {isa = PBXFileReference; lastKnownFileType = wrapper.framework; name = AVKit.framework; path = System/Library/Frameworks/AVKit.framework; sourceTree = SDKROOT; };
		2CB6B8711E8503E9009A3A61 /* Russia TV-Bridging-Header.h */ = {isa = PBXFileReference; lastKnownFileType = sourcecode.c.h; name = "Russia TV-Bridging-Header.h"; path = "Russia TV/Russia TV-Bridging-Header.h"; sourceTree = "<group>"; };
		2CF683A21EAE0F5E00AA1850 /* CACTUS.xcdatamodel */ = {isa = PBXFileReference; lastKnownFileType = wrapper.xcdatamodel; path = CACTUS.xcdatamodel; sourceTree = "<group>"; };
		2CFDA3491EB31907005C4DEA /* Fabric.framework */ = {isa = PBXFileReference; lastKnownFileType = wrapper.framework; path = Fabric.framework; sourceTree = "<group>"; };
		2CFDA34A1EB31907005C4DEA /* TwitterKit.framework */ = {isa = PBXFileReference; lastKnownFileType = wrapper.framework; path = TwitterKit.framework; sourceTree = "<group>"; };
		2CFDA34B1EB31907005C4DEA /* TwitterKitResources.bundle */ = {isa = PBXFileReference; lastKnownFileType = "wrapper.plug-in"; name = TwitterKitResources.bundle; path = TwitterKit.framework/Versions/A/Resources/TwitterKitResources.bundle; sourceTree = "<group>"; };
		2CFDA34C1EB31907005C4DEA /* TwitterCore.framework */ = {isa = PBXFileReference; lastKnownFileType = wrapper.framework; path = TwitterCore.framework; sourceTree = "<group>"; };
		2CFDA3521EB355D0005C4DEA /* ru */ = {isa = PBXFileReference; lastKnownFileType = text.plist.strings; name = ru; path = ru.lproj/Main.strings; sourceTree = "<group>"; };
		2CFDA3531EB35A0C005C4DEA /* MembersController.swift */ = {isa = PBXFileReference; fileEncoding = 4; lastKnownFileType = sourcecode.swift; path = MembersController.swift; sourceTree = "<group>"; };
		3556669FAC53A823378E4EB0 /* libPods-Russia TV.a */ = {isa = PBXFileReference; explicitFileType = archive.ar; includeInIndex = 0; path = "libPods-Russia TV.a"; sourceTree = BUILT_PRODUCTS_DIR; };
		712D1CBF0B06E43304FDEE10 /* Pods-Russia TV.release.xcconfig */ = {isa = PBXFileReference; includeInIndex = 1; lastKnownFileType = text.xcconfig; name = "Pods-Russia TV.release.xcconfig"; path = "Pods/Target Support Files/Pods-Russia TV/Pods-Russia TV.release.xcconfig"; sourceTree = "<group>"; };
/* End PBXFileReference section */

/* Begin PBXFrameworksBuildPhase section */
		2CB6B84D1E84F3B4009A3A61 /* Frameworks */ = {
			isa = PBXFrameworksBuildPhase;
			buildActionMask = 2147483647;
			files = (
				2C64F7B61EAA243F00E85F0A /* MessageUI.framework in Frameworks */,
				2CFDA34E1EB31907005C4DEA /* TwitterKit.framework in Frameworks */,
				2CFDA3501EB31907005C4DEA /* TwitterCore.framework in Frameworks */,
				2CFDA34D1EB31907005C4DEA /* Fabric.framework in Frameworks */,
				2C6C9EC51E910FDA000A3557 /* AVFoundation.framework in Frameworks */,
				2CB6B8701E850284009A3A61 /* AVKit.framework in Frameworks */,
				E51362A30352F85F1ECB80A8 /* libPods-Russia TV.a in Frameworks */,
			);
			runOnlyForDeploymentPostprocessing = 0;
		};
/* End PBXFrameworksBuildPhase section */

/* Begin PBXGroup section */
		2C3E56F31EA60D7700A66AEC /* TV */ = {
			isa = PBXGroup;
			children = (
				2CB6B86D1E84FE65009A3A61 /* ChannelsController.swift */,
				2C8E75A71EA34FF300DC69AA /* VideoController.swift */,
				2C8E75A91EA352E700DC69AA /* VideoView.swift */,
				2C0437D51E923CAE00B8B23E /* ChannelCell.swift */,
				2C6C9EC21E91034E000A3557 /* HtmlScrapper.swift */,
				2C6C9EC61E912964000A3557 /* YouTubeParser.h */,
				2C6C9EC71E912964000A3557 /* YouTubeParser.m */,
			);
			name = TV;
			sourceTree = "<group>";
		};
		2C3E56F41EA60D9B00A66AEC /* Forum */ = {
			isa = PBXGroup;
			children = (
				2C2F1C4B1EAF2C8D00377A89 /* LoginView.xib */,
				2C2F1C451EAF2B8E00377A89 /* LoginView.swift */,
				2C3E56F51EA60DCA00A66AEC /* ForumController.swift */,
				2C9A67D21EA7828C00891832 /* JSQAvatar.swift */,
				2C9A67B41EA74AFF00891832 /* LocationMediaItem.swift */,
				2C9A67D41EA78B4200891832 /* PhotoController.swift */,
				2C9A67D61EA78D0800891832 /* LocationController.swift */,
				2C4364601EA68C1200E61F64 /* FriendsController.swift */,
				2CFDA3531EB35A0C005C4DEA /* MembersController.swift */,
				2C4364621EA6AA6C00E61F64 /* MemberCell.swift */,
			);
			name = Forum;
			sourceTree = "<group>";
		};
		2C3E57011EA6154000A66AEC /* Model */ = {
			isa = PBXGroup;
			children = (
				2CF683A11EAE0F5E00AA1850 /* CACTUS.xcdatamodeld */,
				2C8E710B1F42E544005EB8D2 /* AppUser+CoreDataClass.swift */,
				2C8E710C1F42E544005EB8D2 /* AppUser+CoreDataProperties.swift */,
				2C9A67B01EA743C700891832 /* Message+CoreDataClass.swift */,
				2C9A67B11EA743C700891832 /* Message+CoreDataProperties.swift */,
				2C3E57051EA6159700A66AEC /* Model.swift */,
			);
			name = Model;
			sourceTree = "<group>";
		};
		2C9A67B61EA7759200891832 /* Vendor */ = {
			isa = PBXGroup;
			children = (
				2C9A67B71EA7759D00891832 /* LGAlertSheet */,
			);
			name = Vendor;
			sourceTree = "<group>";
		};
		2C9A67B71EA7759D00891832 /* LGAlertSheet */ = {
			isa = PBXGroup;
			children = (
				2C9A67B81EA775BA00891832 /* LGAlertView.h */,
				2C9A67B91EA775BA00891832 /* LGAlertView.m */,
				2C9A67BA1EA775BA00891832 /* LGAlertView.xib */,
				2C9A67BB1EA775BA00891832 /* LGDecoratedAlertView.xib */,
				2C9A67BC1EA775BA00891832 /* LGProgressAlertView.xib */,
				2C9A67BD1EA775BA00891832 /* LGProgressView.h */,
				2C9A67BE1EA775BA00891832 /* LGProgressView.m */,
				2C9A67BF1EA775BA00891832 /* LGTextFieldAlertView.xib */,
				2C9A67C01EA775BA00891832 /* LGVAlertView.xib */,
				2C9A67C11EA775BA00891832 /* NSPointerArray+AbstractionHelpers.h */,
				2C9A67C21EA775BA00891832 /* NSPointerArray+AbstractionHelpers.m */,
			);
			name = LGAlertSheet;
			sourceTree = "<group>";
		};
		2C9A67CB1EA775F700891832 /* Custom Views */ = {
			isa = PBXGroup;
			children = (
				2C64F7B31EAA197200E85F0A /* TextFieldContainer.swift */,
				2C64F7AF1EAA18B400E85F0A /* EmailInput.swift */,
				2C64F7B01EAA18B400E85F0A /* EmailInput.xib */,
				2C9A67CC1EA7761100891832 /* ActionSheet.swift */,
				2C9A67CD1EA7761100891832 /* ActionSheet.xib */,
			);
			name = "Custom Views";
			sourceTree = "<group>";
		};
		2CB6B8471E84F3B4009A3A61 = {
			isa = PBXGroup;
			children = (
				2CB6B8711E8503E9009A3A61 /* Russia TV-Bridging-Header.h */,
				2C9A67B61EA7759200891832 /* Vendor */,
				2CB6B8521E84F3B7009A3A61 /* Russia TV */,
				2CB6B8511E84F3B7009A3A61 /* Products */,
				2CB6B8661E84F7A5009A3A61 /* Frameworks */,
				86603AA050A0CF3389A36D79 /* Pods */,
			);
			sourceTree = "<group>";
		};
		2CB6B8511E84F3B7009A3A61 /* Products */ = {
			isa = PBXGroup;
			children = (
				2CB6B8501E84F3B7009A3A61 /* Russia TV.app */,
			);
			name = Products;
			sourceTree = "<group>";
		};
		2CB6B8521E84F3B7009A3A61 /* Russia TV */ = {
			isa = PBXGroup;
			children = (
				2C3E57011EA6154000A66AEC /* Model */,
				2C9A67CB1EA775F700891832 /* Custom Views */,
				2C3E56F41EA60D9B00A66AEC /* Forum */,
				2C3E56F31EA60D7700A66AEC /* TV */,
				2CB6B8531E84F3B7009A3A61 /* AppDelegate.swift */,
				2C9A67D01EA778E700891832 /* LocationManager.swift */,
				2C3E56FF1EA6120600A66AEC /* Extensions.swift */,
				2C43645C1EA68B9E00E61F64 /* Credentials.swift */,
				2CB6B8651E84F715009A3A61 /* Resources */,
			);
			path = "Russia TV";
			sourceTree = "<group>";
		};
		2CB6B8651E84F715009A3A61 /* Resources */ = {
			isa = PBXGroup;
			children = (
				2CB6B8571E84F3B7009A3A61 /* Main.storyboard */,
				2CB6B85A1E84F3B7009A3A61 /* Assets.xcassets */,
				2CB6B85C1E84F3B7009A3A61 /* LaunchScreen.storyboard */,
				2CB6B86B1E84FB3A009A3A61 /* logo.png */,
				2C3E56F21EA5F75B00A66AEC /* Russia TV.entitlements */,
				2C43645E1EA68BB700E61F64 /* GoogleService-Info.plist */,
				2CB6B85F1E84F3B7009A3A61 /* Info.plist */,
				2C64F7BD1EAA2C1100E85F0A /* InfoPlist.strings */,
				2C64F7C01EAA2C8E00E85F0A /* Localizable.strings */,
			);
			name = Resources;
			sourceTree = "<group>";
		};
		2CB6B8661E84F7A5009A3A61 /* Frameworks */ = {
			isa = PBXGroup;
			children = (
				2CFDA3491EB31907005C4DEA /* Fabric.framework */,
				2CFDA34A1EB31907005C4DEA /* TwitterKit.framework */,
				2CFDA34B1EB31907005C4DEA /* TwitterKitResources.bundle */,
				2CFDA34C1EB31907005C4DEA /* TwitterCore.framework */,
				2C64F7B51EAA243F00E85F0A /* MessageUI.framework */,
				2C6C9EC41E910FDA000A3557 /* AVFoundation.framework */,
				2CB6B86F1E850284009A3A61 /* AVKit.framework */,
				3556669FAC53A823378E4EB0 /* libPods-Russia TV.a */,
			);
			name = Frameworks;
			sourceTree = "<group>";
		};
		86603AA050A0CF3389A36D79 /* Pods */ = {
			isa = PBXGroup;
			children = (
				21AC0E742ABCD93C084F1C49 /* Pods-Russia TV.debug.xcconfig */,
				712D1CBF0B06E43304FDEE10 /* Pods-Russia TV.release.xcconfig */,
			);
			name = Pods;
			sourceTree = "<group>";
		};
/* End PBXGroup section */

/* Begin PBXNativeTarget section */
		2CB6B84F1E84F3B4009A3A61 /* Russia TV */ = {
			isa = PBXNativeTarget;
			buildConfigurationList = 2CB6B8621E84F3B7009A3A61 /* Build configuration list for PBXNativeTarget "Russia TV" */;
			buildPhases = (
				51AEDDF4543AB2644ED56E48 /* [CP] Check Pods Manifest.lock */,
				2CB6B84C1E84F3B4009A3A61 /* Sources */,
				2CB6B84D1E84F3B4009A3A61 /* Frameworks */,
				2CB6B84E1E84F3B4009A3A61 /* Resources */,
				90E5EAD5057249350591B652 /* [CP] Embed Pods Frameworks */,
				4232CF28988CE4E6D8F15913 /* [CP] Copy Pods Resources */,
				2CFDA3481EB318D6005C4DEA /* ShellScript */,
			);
			buildRules = (
			);
			dependencies = (
			);
			name = "Russia TV";
			productName = "Russia TV";
			productReference = 2CB6B8501E84F3B7009A3A61 /* Russia TV.app */;
			productType = "com.apple.product-type.application";
		};
/* End PBXNativeTarget section */

/* Begin PBXProject section */
		2CB6B8481E84F3B4009A3A61 /* Project object */ = {
			isa = PBXProject;
			attributes = {
				LastSwiftUpdateCheck = 0820;
				LastUpgradeCheck = 0820;
				ORGANIZATIONNAME = "V-Channel";
				TargetAttributes = {
					2CB6B84F1E84F3B4009A3A61 = {
						CreatedOnToolsVersion = 8.2.1;
						DevelopmentTeam = 7TSVKXZ79P;
						LastSwiftMigration = 0820;
						ProvisioningStyle = Manual;
						SystemCapabilities = {
							com.apple.BackgroundModes = {
								enabled = 1;
							};
							com.apple.Push = {
								enabled = 1;
							};
							com.apple.SafariKeychain = {
								enabled = 1;
							};
						};
					};
				};
			};
			buildConfigurationList = 2CB6B84B1E84F3B4009A3A61 /* Build configuration list for PBXProject "Russia TV" */;
			compatibilityVersion = "Xcode 3.2";
			developmentRegion = English;
			hasScannedForEncodings = 0;
			knownRegions = (
				en,
				Base,
				ru,
			);
			mainGroup = 2CB6B8471E84F3B4009A3A61;
			productRefGroup = 2CB6B8511E84F3B7009A3A61 /* Products */;
			projectDirPath = "";
			projectRoot = "";
			targets = (
				2CB6B84F1E84F3B4009A3A61 /* Russia TV */,
			);
		};
/* End PBXProject section */

/* Begin PBXResourcesBuildPhase section */
		2CB6B84E1E84F3B4009A3A61 /* Resources */ = {
			isa = PBXResourcesBuildPhase;
			buildActionMask = 2147483647;
			files = (
				2C9A67C51EA775BA00891832 /* LGDecoratedAlertView.xib in Resources */,
				2C9A67C41EA775BA00891832 /* LGAlertView.xib in Resources */,
				2C9A67CF1EA7761100891832 /* ActionSheet.xib in Resources */,
				2C64F7BE1EAA2C8E00E85F0A /* Localizable.strings in Resources */,
				2C64F7BB1EAA2C1100E85F0A /* InfoPlist.strings in Resources */,
				2C64F7B21EAA18B400E85F0A /* EmailInput.xib in Resources */,
				2C9A67C81EA775BA00891832 /* LGTextFieldAlertView.xib in Resources */,
				2CB6B86C1E84FB3A009A3A61 /* logo.png in Resources */,
				2CFDA34F1EB31907005C4DEA /* TwitterKitResources.bundle in Resources */,
				2C2F1C491EAF2C8D00377A89 /* LoginView.xib in Resources */,
				2C9A67C61EA775BA00891832 /* LGProgressAlertView.xib in Resources */,
				2C9A67C91EA775BA00891832 /* LGVAlertView.xib in Resources */,
				2CB6B85E1E84F3B7009A3A61 /* LaunchScreen.storyboard in Resources */,
				2C43645F1EA68BB700E61F64 /* GoogleService-Info.plist in Resources */,
				2CB6B85B1E84F3B7009A3A61 /* Assets.xcassets in Resources */,
				2CB6B8591E84F3B7009A3A61 /* Main.storyboard in Resources */,
			);
			runOnlyForDeploymentPostprocessing = 0;
		};
/* End PBXResourcesBuildPhase section */

/* Begin PBXShellScriptBuildPhase section */
		2CFDA3481EB318D6005C4DEA /* ShellScript */ = {
			isa = PBXShellScriptBuildPhase;
			buildActionMask = 2147483647;
			files = (
			);
			inputPaths = (
			);
			outputPaths = (
			);
			runOnlyForDeploymentPostprocessing = 0;
			shellPath = /bin/sh;
			shellScript = "releaseConfig=\"Release\"\n\nif [ \"$releaseConfig\" = \"${CONFIGURATION}\" ]; then\necho \"Running Fabric\"\n./Fabric.framework/run c01e70f276107c573a71a72b21766ebe4ba90066 3e34252f5bdbf35c51e80d0178bb229479cdde0c1bd271bbfe85b67c4a558ed9\nfi\n";
		};
		4232CF28988CE4E6D8F15913 /* [CP] Copy Pods Resources */ = {
			isa = PBXShellScriptBuildPhase;
			buildActionMask = 2147483647;
			files = (
			);
			inputPaths = (
				"${SRCROOT}/Pods/Target Support Files/Pods-Russia TV/Pods-Russia TV-resources.sh",
				"${PODS_ROOT}/FBSDKCoreKit/FacebookSDKStrings.bundle",
				"${PODS_ROOT}/FirebaseInvites/Resources/GINInviteResources.bundle",
				"${PODS_ROOT}/FirebaseInvites/Resources/GPPACLPickerResources.bundle",
				"${PODS_ROOT}/GTMOAuth2/Source/Touch/GTMOAuth2ViewTouch.xib",
				"${PODS_ROOT}/GoogleSignIn/Resources/GoogleSignIn.bundle",
				"${PODS_ROOT}/JSQMessagesViewController/JSQMessagesViewController/Assets/JSQMessagesAssets.bundle",
				"${PODS_ROOT}/JSQMessagesViewController/JSQMessagesViewController/Controllers/JSQMessagesViewController.xib",
				"${PODS_ROOT}/JSQMessagesViewController/JSQMessagesViewController/Views/JSQMessagesCollectionViewCellIncoming.xib",
				"${PODS_ROOT}/JSQMessagesViewController/JSQMessagesViewController/Views/JSQMessagesCollectionViewCellOutgoing.xib",
				"${PODS_ROOT}/JSQMessagesViewController/JSQMessagesViewController/Views/JSQMessagesLoadEarlierHeaderView.xib",
				"${PODS_ROOT}/JSQMessagesViewController/JSQMessagesViewController/Views/JSQMessagesToolbarContentView.xib",
				"${PODS_ROOT}/JSQMessagesViewController/JSQMessagesViewController/Views/JSQMessagesTypingIndicatorFooterView.xib",
				"${PODS_ROOT}/SVProgressHUD/SVProgressHUD/SVProgressHUD.bundle",
			);
			name = "[CP] Copy Pods Resources";
			outputPaths = (
				"${TARGET_BUILD_DIR}/${UNLOCALIZED_RESOURCES_FOLDER_PATH}",
			);
			runOnlyForDeploymentPostprocessing = 0;
			shellPath = /bin/sh;
			shellScript = "\"${SRCROOT}/Pods/Target Support Files/Pods-Russia TV/Pods-Russia TV-resources.sh\"\n";
			showEnvVarsInLog = 0;
		};
		51AEDDF4543AB2644ED56E48 /* [CP] Check Pods Manifest.lock */ = {
			isa = PBXShellScriptBuildPhase;
			buildActionMask = 2147483647;
			files = (
			);
			inputPaths = (
				"${PODS_PODFILE_DIR_PATH}/Podfile.lock",
				"${PODS_ROOT}/Manifest.lock",
			);
			name = "[CP] Check Pods Manifest.lock";
			outputPaths = (
				"$(DERIVED_FILE_DIR)/Pods-Russia TV-checkManifestLockResult.txt",
			);
			runOnlyForDeploymentPostprocessing = 0;
			shellPath = /bin/sh;
			shellScript = "diff \"${PODS_PODFILE_DIR_PATH}/Podfile.lock\" \"${PODS_ROOT}/Manifest.lock\" > /dev/null\nif [ $? != 0 ] ; then\n    # print error to STDERR\n    echo \"error: The sandbox is not in sync with the Podfile.lock. Run 'pod install' or update your CocoaPods installation.\" >&2\n    exit 1\nfi\n# This output is used by Xcode 'outputs' to avoid re-running this script phase.\necho \"SUCCESS\" > \"${SCRIPT_OUTPUT_FILE_0}\"\n";
			showEnvVarsInLog = 0;
		};
		90E5EAD5057249350591B652 /* [CP] Embed Pods Frameworks */ = {
			isa = PBXShellScriptBuildPhase;
			buildActionMask = 2147483647;
			files = (
			);
			inputPaths = (
			);
			name = "[CP] Embed Pods Frameworks";
			outputPaths = (
			);
			runOnlyForDeploymentPostprocessing = 0;
			shellPath = /bin/sh;
			shellScript = "\"${SRCROOT}/Pods/Target Support Files/Pods-Russia TV/Pods-Russia TV-frameworks.sh\"\n";
			showEnvVarsInLog = 0;
		};
/* End PBXShellScriptBuildPhase section */

/* Begin PBXSourcesBuildPhase section */
		2CB6B84C1E84F3B4009A3A61 /* Sources */ = {
			isa = PBXSourcesBuildPhase;
			buildActionMask = 2147483647;
			files = (
				2CF683A31EAE0F5E00AA1850 /* CACTUS.xcdatamodeld in Sources */,
				2C6C9EC81E912964000A3557 /* YouTubeParser.m in Sources */,
				2C64F7B41EAA197200E85F0A /* TextFieldContainer.swift in Sources */,
				2C9A67D31EA7828C00891832 /* JSQAvatar.swift in Sources */,
				2C3E57001EA6120600A66AEC /* Extensions.swift in Sources */,
				2CFDA3541EB35A0C005C4DEA /* MembersController.swift in Sources */,
				2C9A67B51EA74AFF00891832 /* LocationMediaItem.swift in Sources */,
				2C9A67CA1EA775BA00891832 /* NSPointerArray+AbstractionHelpers.m in Sources */,
				2C8E710D1F42E544005EB8D2 /* AppUser+CoreDataClass.swift in Sources */,
				2C9A67CE1EA7761100891832 /* ActionSheet.swift in Sources */,
				2C9A67C71EA775BA00891832 /* LGProgressView.m in Sources */,
				2C4364631EA6AA6C00E61F64 /* MemberCell.swift in Sources */,
				2C9A67B21EA743C700891832 /* Message+CoreDataClass.swift in Sources */,
				2C9A67C31EA775BA00891832 /* LGAlertView.m in Sources */,
				2C4364611EA68C1200E61F64 /* FriendsController.swift in Sources */,
				2C8E75AA1EA352E700DC69AA /* VideoView.swift in Sources */,
				2C8E75A81EA34FF300DC69AA /* VideoController.swift in Sources */,
				2C6C9EC31E91034E000A3557 /* HtmlScrapper.swift in Sources */,
				2CB6B8541E84F3B7009A3A61 /* AppDelegate.swift in Sources */,
				2C3E56F61EA60DCA00A66AEC /* ForumController.swift in Sources */,
				2C3E57061EA6159700A66AEC /* Model.swift in Sources */,
				2C64F7B11EAA18B400E85F0A /* EmailInput.swift in Sources */,
				2C2F1C461EAF2B8E00377A89 /* LoginView.swift in Sources */,
				2C9A67B31EA743C700891832 /* Message+CoreDataProperties.swift in Sources */,
				2C9A67D11EA778E700891832 /* LocationManager.swift in Sources */,
				2C43645D1EA68B9E00E61F64 /* Credentials.swift in Sources */,
				2CB6B86E1E84FE65009A3A61 /* ChannelsController.swift in Sources */,
				2C9A67D51EA78B4200891832 /* PhotoController.swift in Sources */,
				2C9A67D71EA78D0800891832 /* LocationController.swift in Sources */,
				2C8E710E1F42E544005EB8D2 /* AppUser+CoreDataProperties.swift in Sources */,
				2C0437D61E923CAE00B8B23E /* ChannelCell.swift in Sources */,
			);
			runOnlyForDeploymentPostprocessing = 0;
		};
/* End PBXSourcesBuildPhase section */

/* Begin PBXVariantGroup section */
		2C2F1C4B1EAF2C8D00377A89 /* LoginView.xib */ = {
			isa = PBXVariantGroup;
			children = (
				2C2F1C4A1EAF2C8D00377A89 /* Base */,
				2C2F1C4D1EAF2C9100377A89 /* ru */,
			);
			name = LoginView.xib;
			sourceTree = "<group>";
		};
		2C64F7BD1EAA2C1100E85F0A /* InfoPlist.strings */ = {
			isa = PBXVariantGroup;
			children = (
				2C64F7BC1EAA2C1100E85F0A /* Base */,
				2C64F7C31EAA2CC300E85F0A /* ru */,
			);
			name = InfoPlist.strings;
			sourceTree = "<group>";
		};
		2C64F7C01EAA2C8E00E85F0A /* Localizable.strings */ = {
			isa = PBXVariantGroup;
			children = (
				2C64F7BF1EAA2C8E00E85F0A /* Base */,
				2C64F7C41EAA2CC400E85F0A /* ru */,
			);
			name = Localizable.strings;
			sourceTree = "<group>";
		};
		2CB6B8571E84F3B7009A3A61 /* Main.storyboard */ = {
			isa = PBXVariantGroup;
			children = (
				2CB6B8581E84F3B7009A3A61 /* Base */,
				2CFDA3521EB355D0005C4DEA /* ru */,
			);
			name = Main.storyboard;
			sourceTree = "<group>";
		};
		2CB6B85C1E84F3B7009A3A61 /* LaunchScreen.storyboard */ = {
			isa = PBXVariantGroup;
			children = (
				2CB6B85D1E84F3B7009A3A61 /* Base */,
				2C64F7C21EAA2CC300E85F0A /* ru */,
			);
			name = LaunchScreen.storyboard;
			sourceTree = "<group>";
		};
/* End PBXVariantGroup section */

/* Begin XCBuildConfiguration section */
		2CB6B8601E84F3B7009A3A61 /* Debug */ = {
			isa = XCBuildConfiguration;
			buildSettings = {
				ALWAYS_SEARCH_USER_PATHS = NO;
				CLANG_ANALYZER_LOCALIZABILITY_NONLOCALIZED = YES;
				CLANG_ANALYZER_NONNULL = YES;
				CLANG_CXX_LANGUAGE_STANDARD = "gnu++0x";
				CLANG_CXX_LIBRARY = "libc++";
				CLANG_ENABLE_MODULES = YES;
				CLANG_ENABLE_OBJC_ARC = YES;
				CLANG_WARN_BOOL_CONVERSION = YES;
				CLANG_WARN_CONSTANT_CONVERSION = YES;
				CLANG_WARN_DIRECT_OBJC_ISA_USAGE = YES_ERROR;
				CLANG_WARN_DOCUMENTATION_COMMENTS = YES;
				CLANG_WARN_EMPTY_BODY = YES;
				CLANG_WARN_ENUM_CONVERSION = YES;
				CLANG_WARN_INFINITE_RECURSION = YES;
				CLANG_WARN_INT_CONVERSION = YES;
				CLANG_WARN_OBJC_ROOT_CLASS = YES_ERROR;
				CLANG_WARN_SUSPICIOUS_MOVE = YES;
				CLANG_WARN_UNREACHABLE_CODE = YES;
				CLANG_WARN__DUPLICATE_METHOD_MATCH = YES;
				"CODE_SIGN_IDENTITY[sdk=iphoneos*]" = "iPhone Developer";
				COPY_PHASE_STRIP = NO;
				DEBUG_INFORMATION_FORMAT = dwarf;
				ENABLE_STRICT_OBJC_MSGSEND = YES;
				ENABLE_TESTABILITY = YES;
				GCC_C_LANGUAGE_STANDARD = gnu99;
				GCC_DYNAMIC_NO_PIC = NO;
				GCC_NO_COMMON_BLOCKS = YES;
				GCC_OPTIMIZATION_LEVEL = 0;
				GCC_PREPROCESSOR_DEFINITIONS = (
					"DEBUG=1",
					"$(inherited)",
				);
				GCC_WARN_64_TO_32_BIT_CONVERSION = YES;
				GCC_WARN_ABOUT_RETURN_TYPE = YES_ERROR;
				GCC_WARN_UNDECLARED_SELECTOR = YES;
				GCC_WARN_UNINITIALIZED_AUTOS = YES_AGGRESSIVE;
				GCC_WARN_UNUSED_FUNCTION = YES;
				GCC_WARN_UNUSED_VARIABLE = YES;
				IPHONEOS_DEPLOYMENT_TARGET = 9.0;
				MTL_ENABLE_DEBUG_INFO = YES;
				ONLY_ACTIVE_ARCH = YES;
				SDKROOT = iphoneos;
				SWIFT_ACTIVE_COMPILATION_CONDITIONS = DEBUG;
				SWIFT_OPTIMIZATION_LEVEL = "-Onone";
				TARGETED_DEVICE_FAMILY = "1,2";
				VALID_ARCHS = "arm64 armv7";
			};
			name = Debug;
		};
		2CB6B8611E84F3B7009A3A61 /* Release */ = {
			isa = XCBuildConfiguration;
			buildSettings = {
				ALWAYS_SEARCH_USER_PATHS = NO;
				CLANG_ANALYZER_LOCALIZABILITY_NONLOCALIZED = YES;
				CLANG_ANALYZER_NONNULL = YES;
				CLANG_CXX_LANGUAGE_STANDARD = "gnu++0x";
				CLANG_CXX_LIBRARY = "libc++";
				CLANG_ENABLE_MODULES = YES;
				CLANG_ENABLE_OBJC_ARC = YES;
				CLANG_WARN_BOOL_CONVERSION = YES;
				CLANG_WARN_CONSTANT_CONVERSION = YES;
				CLANG_WARN_DIRECT_OBJC_ISA_USAGE = YES_ERROR;
				CLANG_WARN_DOCUMENTATION_COMMENTS = YES;
				CLANG_WARN_EMPTY_BODY = YES;
				CLANG_WARN_ENUM_CONVERSION = YES;
				CLANG_WARN_INFINITE_RECURSION = YES;
				CLANG_WARN_INT_CONVERSION = YES;
				CLANG_WARN_OBJC_ROOT_CLASS = YES_ERROR;
				CLANG_WARN_SUSPICIOUS_MOVE = YES;
				CLANG_WARN_UNREACHABLE_CODE = YES;
				CLANG_WARN__DUPLICATE_METHOD_MATCH = YES;
				"CODE_SIGN_IDENTITY[sdk=iphoneos*]" = "iPhone Developer";
				COPY_PHASE_STRIP = NO;
				DEBUG_INFORMATION_FORMAT = "dwarf-with-dsym";
				ENABLE_NS_ASSERTIONS = NO;
				ENABLE_STRICT_OBJC_MSGSEND = YES;
				GCC_C_LANGUAGE_STANDARD = gnu99;
				GCC_NO_COMMON_BLOCKS = YES;
				GCC_WARN_64_TO_32_BIT_CONVERSION = YES;
				GCC_WARN_ABOUT_RETURN_TYPE = YES_ERROR;
				GCC_WARN_UNDECLARED_SELECTOR = YES;
				GCC_WARN_UNINITIALIZED_AUTOS = YES_AGGRESSIVE;
				GCC_WARN_UNUSED_FUNCTION = YES;
				GCC_WARN_UNUSED_VARIABLE = YES;
				IPHONEOS_DEPLOYMENT_TARGET = 9.0;
				MTL_ENABLE_DEBUG_INFO = NO;
				SDKROOT = iphoneos;
				SWIFT_OPTIMIZATION_LEVEL = "-Owholemodule";
				TARGETED_DEVICE_FAMILY = "1,2";
				VALIDATE_PRODUCT = YES;
				VALID_ARCHS = "arm64 armv7";
			};
			name = Release;
		};
		2CB6B8631E84F3B7009A3A61 /* Debug */ = {
			isa = XCBuildConfiguration;
			baseConfigurationReference = 21AC0E742ABCD93C084F1C49 /* Pods-Russia TV.debug.xcconfig */;
			buildSettings = {
				ASSETCATALOG_COMPILER_APPICON_NAME = AppIcon;
				CLANG_ENABLE_MODULES = YES;
				CODE_SIGN_ENTITLEMENTS = "Russia TV/Russia TV.entitlements";
				DEVELOPMENT_TEAM = 7TSVKXZ79P;
				FRAMEWORK_SEARCH_PATHS = (
					"$(inherited)",
					"$(PROJECT_DIR)",
				);
				INFOPLIST_FILE = "Russia TV/Info.plist";
				LD_RUNPATH_SEARCH_PATHS = "$(inherited) @executable_path/Frameworks";
				PRODUCT_BUNDLE_IDENTIFIER = "com.vchannel.russia-tv";
				PRODUCT_NAME = "$(TARGET_NAME)";
				PROVISIONING_PROFILE = "485d2f68-926a-4cb8-8fcc-fd47c55e9ade";
				PROVISIONING_PROFILE_SPECIFIER = "Russia TV Development";
				SWIFT_OBJC_BRIDGING_HEADER = "Russia TV/Russia TV-Bridging-Header.h";
				SWIFT_OPTIMIZATION_LEVEL = "-Onone";
				SWIFT_VERSION = 3.0;
			};
			name = Debug;
		};
		2CB6B8641E84F3B7009A3A61 /* Release */ = {
			isa = XCBuildConfiguration;
			baseConfigurationReference = 712D1CBF0B06E43304FDEE10 /* Pods-Russia TV.release.xcconfig */;
			buildSettings = {
				ASSETCATALOG_COMPILER_APPICON_NAME = AppIcon;
				CLANG_ENABLE_MODULES = YES;
				CODE_SIGN_ENTITLEMENTS = "Russia TV/Russia TV.entitlements";
				"CODE_SIGN_IDENTITY[sdk=iphoneos*]" = "iPhone Distribution";
				DEVELOPMENT_TEAM = 7TSVKXZ79P;
				FRAMEWORK_SEARCH_PATHS = (
					"$(inherited)",
					"$(PROJECT_DIR)",
				);
				INFOPLIST_FILE = "Russia TV/Info.plist";
				LD_RUNPATH_SEARCH_PATHS = "$(inherited) @executable_path/Frameworks";
				PRODUCT_BUNDLE_IDENTIFIER = "com.vchannel.russia-tv";
				PRODUCT_NAME = "$(TARGET_NAME)";
				PROVISIONING_PROFILE = "bae9dcac-3a02-499b-ae95-06241fd85731";
				PROVISIONING_PROFILE_SPECIFIER = "Russia TV AppStore";
				SWIFT_OBJC_BRIDGING_HEADER = "Russia TV/Russia TV-Bridging-Header.h";
				SWIFT_VERSION = 3.0;
			};
			name = Release;
		};
/* End XCBuildConfiguration section */

/* Begin XCConfigurationList section */
		2CB6B84B1E84F3B4009A3A61 /* Build configuration list for PBXProject "Russia TV" */ = {
			isa = XCConfigurationList;
			buildConfigurations = (
				2CB6B8601E84F3B7009A3A61 /* Debug */,
				2CB6B8611E84F3B7009A3A61 /* Release */,
			);
			defaultConfigurationIsVisible = 0;
			defaultConfigurationName = Release;
		};
		2CB6B8621E84F3B7009A3A61 /* Build configuration list for PBXNativeTarget "Russia TV" */ = {
			isa = XCConfigurationList;
			buildConfigurations = (
				2CB6B8631E84F3B7009A3A61 /* Debug */,
				2CB6B8641E84F3B7009A3A61 /* Release */,
			);
			defaultConfigurationIsVisible = 0;
			defaultConfigurationName = Release;
		};
/* End XCConfigurationList section */

/* Begin XCVersionGroup section */
		2CF683A11EAE0F5E00AA1850 /* CACTUS.xcdatamodeld */ = {
			isa = XCVersionGroup;
			children = (
				2C8E710A1F42E283005EB8D2 /* CACTUS 3.xcdatamodel */,
				2C2F1C4E1EAF371F00377A89 /* CACTUS 2.xcdatamodel */,
				2CF683A21EAE0F5E00AA1850 /* CACTUS.xcdatamodel */,
			);
			currentVersion = 2C8E710A1F42E283005EB8D2 /* CACTUS 3.xcdatamodel */;
			name = CACTUS.xcdatamodeld;
			path = model/CACTUS.xcdatamodeld;
			sourceTree = "<group>";
			versionGroupType = wrapper.xcdatamodel;
		};
/* End XCVersionGroup section */
	};
	rootObject = 2CB6B8481E84F3B4009A3A61 /* Project object */;
}
